
Microsoft Visual Studio Solution File, Format Version 12.00
# Visual Studio Version 17
VisualStudioVersion = 17.14.36310.24 d17.14
MinimumVisualStudioVersion = 10.0.40219.1
Project("{FAE04EC0-301F-11D3-BF4B-00C04F79EFBC}") = "crud2", "crud2\crud2.csproj", "{BC3C010F-B7CC-45D8-857A-554BF5273D46}"
EndProject
Global
	GlobalSection(SolutionConfigurationPlatforms) = preSolution
		Debug|Any CPU = Debug|Any CPU
		Release|Any CPU = Release|Any CPU
	EndGlobalSection
	GlobalSection(ProjectConfigurationPlatforms) = postSolution
		{BC3C010F-B7CC-45D8-857A-554BF5273D46}.Debug|Any CPU.ActiveCfg = Debug|Any CPU
		{BC3C010F-B7CC-45D8-857A-554BF5273D46}.Debug|Any CPU.Build.0 = Debug|Any CPU
		{BC3C010F-B7CC-45D8-857A-554BF5273D46}.Release|Any CPU.ActiveCfg = Release|Any CPU
		{BC3C010F-B7CC-45D8-857A-554BF5273D46}.Release|Any CPU.Build.0 = Release|Any CPU
	EndGlobalSection
	GlobalSection(SolutionProperties) = preSolution
		HideSolutionNode = FALSE
	EndGlobalSection
	GlobalSection(ExtensibilityGlobals) = postSolution
		SolutionGuid = {1A4F46C3-92A2-4C42-96F5-926934018F90}
	EndGlobalSection
EndGlobal
