
Microsoft Visual Studio Solution File, Format Version 12.00
# Visual Studio Version 17
VisualStudioVersion = 17.14.36310.24 d17.14
MinimumVisualStudioVersion = 10.0.40219.1
Project("{FAE04EC0-301F-11D3-BF4B-00C04F79EFBC}") = "calcuçadora  tef", "calcuçadora  tef\calcuçadora  tef.csproj", "{DCD2F772-AFC3-4636-B08F-9A550F93316F}"
EndProject
Global
	GlobalSection(SolutionConfigurationPlatforms) = preSolution
		Debug|Any CPU = Debug|Any CPU
		Release|Any CPU = Release|Any CPU
	EndGlobalSection
	GlobalSection(ProjectConfigurationPlatforms) = postSolution
		{DCD2F772-AFC3-4636-B08F-9A550F93316F}.Debug|Any CPU.ActiveCfg = Debug|Any CPU
		{DCD2F772-AFC3-4636-B08F-9A550F93316F}.Debug|Any CPU.Build.0 = Debug|Any CPU
		{DCD2F772-AFC3-4636-B08F-9A550F93316F}.Release|Any CPU.ActiveCfg = Release|Any CPU
		{DCD2F772-AFC3-4636-B08F-9A550F93316F}.Release|Any CPU.Build.0 = Release|Any CPU
	EndGlobalSection
	GlobalSection(SolutionProperties) = preSolution
		HideSolutionNode = FALSE
	EndGlobalSection
	GlobalSection(ExtensibilityGlobals) = postSolution
		SolutionGuid = {122B801A-C2F8-4414-ABE2-ED76DA99AE3F}
	EndGlobalSection
EndGlobal
